
Microsoft Visual Studio Solution File, Format Version 12.00
# Visual Studio Version 17
VisualStudioVersion = 17.11.35005.142
MinimumVisualStudioVersion = 10.0.40219.1
Project("{FAE04EC0-301F-11D3-BF4B-00C04F79EFBC}") = "multiple_file_pdf_converter", "multiple_file_pdf_converter.csproj", "{473CA254-91AD-424F-99E9-C1FA80463971}"
EndProject
Global
	GlobalSection(SolutionConfigurationPlatforms) = preSolution
		Debug|Any CPU = Debug|Any CPU
		Release|Any CPU = Release|Any CPU
	EndGlobalSection
	GlobalSection(ProjectConfigurationPlatforms) = postSolution
		{473CA254-91AD-424F-99E9-C1FA80463971}.Debug|Any CPU.ActiveCfg = Debug|Any CPU
		{473CA254-91AD-424F-99E9-C1FA80463971}.Debug|Any CPU.Build.0 = Debug|Any CPU
		{473CA254-91AD-424F-99E9-C1FA80463971}.Release|Any CPU.ActiveCfg = Release|Any CPU
		{473CA254-91AD-424F-99E9-C1FA80463971}.Release|Any CPU.Build.0 = Release|Any CPU
	EndGlobalSection
	GlobalSection(SolutionProperties) = preSolution
		HideSolutionNode = FALSE
	EndGlobalSection
	GlobalSection(ExtensibilityGlobals) = postSolution
		SolutionGuid = {41EF60F1-5AEE-4386-81E1-91C2164E092E}
	EndGlobalSection
EndGlobal
